
Microsoft Visual Studio Solution File, Format Version 12.00
# Visual Studio Version 17
VisualStudioVersion = 17.2.32630.192
MinimumVisualStudioVersion = 10.0.40219.1
Project("{2150E333-8FDC-42A3-9474-1A3956D46DE8}") = "src", "src", "{FB577156-D5F4-477C-B2CD-568628AA956E}"
EndProject
Project("{2150E333-8FDC-42A3-9474-1A3956D46DE8}") = "Services", "Services", "{CE6F5CB4-8901-4EB7-BD3D-3777577FF3B7}"
EndProject
Project("{2150E333-8FDC-42A3-9474-1A3956D46DE8}") = "Catalog", "Catalog", "{0AE468D9-FBBB-4C71-9A5D-B311F187E697}"
EndProject
Project("{FAE04EC0-301F-11D3-BF4B-00C04F79EFBC}") = "Catalog.API", "Catalog.API\Catalog.API.csproj", "{FA88838F-33F7-4BC9-874E-EAC373EA1B05}"
EndProject
Project("{2150E333-8FDC-42A3-9474-1A3956D46DE8}") = "Solution Items", "Solution Items", "{1C61702B-2445-45EE-9190-744F5586E86C}"
	ProjectSection(SolutionItems) = preProject
		Ports.txt = Ports.txt
	EndProjectSection
EndProject
Project("{2150E333-8FDC-42A3-9474-1A3956D46DE8}") = "Shared", "Shared", "{4F51CEE4-2B8B-44FA-880B-18FEE80E0015}"
EndProject
Project("{FAE04EC0-301F-11D3-BF4B-00C04F79EFBC}") = "Utilities", "Utilities\Utilities.csproj", "{C785F9A1-5BAC-4D94-99C0-0DA8371D95AA}"
EndProject
Global
	GlobalSection(SolutionConfigurationPlatforms) = preSolution
		Debug|Any CPU = Debug|Any CPU
		Release|Any CPU = Release|Any CPU
	EndGlobalSection
	GlobalSection(ProjectConfigurationPlatforms) = postSolution
		{FA88838F-33F7-4BC9-874E-EAC373EA1B05}.Debug|Any CPU.ActiveCfg = Debug|Any CPU
		{FA88838F-33F7-4BC9-874E-EAC373EA1B05}.Debug|Any CPU.Build.0 = Debug|Any CPU
		{FA88838F-33F7-4BC9-874E-EAC373EA1B05}.Release|Any CPU.ActiveCfg = Release|Any CPU
		{FA88838F-33F7-4BC9-874E-EAC373EA1B05}.Release|Any CPU.Build.0 = Release|Any CPU
		{C785F9A1-5BAC-4D94-99C0-0DA8371D95AA}.Debug|Any CPU.ActiveCfg = Debug|Any CPU
		{C785F9A1-5BAC-4D94-99C0-0DA8371D95AA}.Debug|Any CPU.Build.0 = Debug|Any CPU
		{C785F9A1-5BAC-4D94-99C0-0DA8371D95AA}.Release|Any CPU.ActiveCfg = Release|Any CPU
		{C785F9A1-5BAC-4D94-99C0-0DA8371D95AA}.Release|Any CPU.Build.0 = Release|Any CPU
	EndGlobalSection
	GlobalSection(SolutionProperties) = preSolution
		HideSolutionNode = FALSE
	EndGlobalSection
	GlobalSection(NestedProjects) = preSolution
		{CE6F5CB4-8901-4EB7-BD3D-3777577FF3B7} = {FB577156-D5F4-477C-B2CD-568628AA956E}
		{0AE468D9-FBBB-4C71-9A5D-B311F187E697} = {CE6F5CB4-8901-4EB7-BD3D-3777577FF3B7}
		{FA88838F-33F7-4BC9-874E-EAC373EA1B05} = {0AE468D9-FBBB-4C71-9A5D-B311F187E697}
		{4F51CEE4-2B8B-44FA-880B-18FEE80E0015} = {FB577156-D5F4-477C-B2CD-568628AA956E}
		{C785F9A1-5BAC-4D94-99C0-0DA8371D95AA} = {4F51CEE4-2B8B-44FA-880B-18FEE80E0015}
	EndGlobalSection
	GlobalSection(ExtensibilityGlobals) = postSolution
		SolutionGuid = {6DBB758C-E4A7-4319-BB51-2CD9539717B4}
	EndGlobalSection
EndGlobal
